
Microsoft Visual Studio Solution File, Format Version 12.00
# Visual Studio 15
VisualStudioVersion = 15.0.28307.421
MinimumVisualStudioVersion = 10.0.40219.1
Project("{FAE04EC0-301F-11D3-BF4B-00C04F79EFBC}") = "Elevator", "Elevator\Elevator.csproj", "{2764C707-D91D-447C-B272-22CDBF130543}"
EndProject
Project("{FAE04EC0-301F-11D3-BF4B-00C04F79EFBC}") = "ElevatorProject.UnitTests", "ElevatorProject.UnitTests\ElevatorProject.UnitTests.csproj", "{A479D585-7E73-4449-925A-7E2584E1F4A7}"
EndProject
Global
	GlobalSection(SolutionConfigurationPlatforms) = preSolution
		Debug|Any CPU = Debug|Any CPU
		Release|Any CPU = Release|Any CPU
	EndGlobalSection
	GlobalSection(ProjectConfigurationPlatforms) = postSolution
		{2764C707-D91D-447C-B272-22CDBF130543}.Debug|Any CPU.ActiveCfg = Debug|Any CPU
		{2764C707-D91D-447C-B272-22CDBF130543}.Debug|Any CPU.Build.0 = Debug|Any CPU
		{2764C707-D91D-447C-B272-22CDBF130543}.Release|Any CPU.ActiveCfg = Release|Any CPU
		{2764C707-D91D-447C-B272-22CDBF130543}.Release|Any CPU.Build.0 = Release|Any CPU
		{A479D585-7E73-4449-925A-7E2584E1F4A7}.Debug|Any CPU.ActiveCfg = Debug|Any CPU
		{A479D585-7E73-4449-925A-7E2584E1F4A7}.Debug|Any CPU.Build.0 = Debug|Any CPU
		{A479D585-7E73-4449-925A-7E2584E1F4A7}.Release|Any CPU.ActiveCfg = Release|Any CPU
		{A479D585-7E73-4449-925A-7E2584E1F4A7}.Release|Any CPU.Build.0 = Release|Any CPU
	EndGlobalSection
	GlobalSection(SolutionProperties) = preSolution
		HideSolutionNode = FALSE
	EndGlobalSection
	GlobalSection(ExtensibilityGlobals) = postSolution
		SolutionGuid = {3D2F7AA9-8D8B-41E5-835D-4D8DA467E4AC}
	EndGlobalSection
EndGlobal
